
Microsoft Visual Studio Solution File, Format Version 12.00
# Visual Studio Version 16
VisualStudioVersion = 16.0.30114.105
MinimumVisualStudioVersion = 10.0.40219.1
Project("{2150E333-8FDC-42A3-9474-1A3956D46DE8}") = "src", "src", "{80E0D690-E916-496C-9125-8DB1EF70BA2D}"
EndProject
Project("{FAE04EC0-301F-11D3-BF4B-00C04F79EFBC}") = "ComradeMajor.Agent", "src\ComradeMajor.Agent\ComradeMajor.Agent.csproj", "{4212D1B3-5F98-474A-9647-942C737C42BE}"
EndProject
Project("{FAE04EC0-301F-11D3-BF4B-00C04F79EFBC}") = "ComradeMajor.Interfaces", "src\ComradeMajor.Interfaces\ComradeMajor.Interfaces.csproj", "{C7EEA3C1-BE6E-4029-BC73-47F8BF53E638}"
EndProject
Global
	GlobalSection(SolutionConfigurationPlatforms) = preSolution
		Debug|Any CPU = Debug|Any CPU
		Debug|x64 = Debug|x64
		Debug|x86 = Debug|x86
		Release|Any CPU = Release|Any CPU
		Release|x64 = Release|x64
		Release|x86 = Release|x86
	EndGlobalSection
	GlobalSection(SolutionProperties) = preSolution
		HideSolutionNode = FALSE
	EndGlobalSection
	GlobalSection(ProjectConfigurationPlatforms) = postSolution
		{4212D1B3-5F98-474A-9647-942C737C42BE}.Debug|Any CPU.ActiveCfg = Debug|Any CPU
		{4212D1B3-5F98-474A-9647-942C737C42BE}.Debug|Any CPU.Build.0 = Debug|Any CPU
		{4212D1B3-5F98-474A-9647-942C737C42BE}.Debug|x64.ActiveCfg = Debug|Any CPU
		{4212D1B3-5F98-474A-9647-942C737C42BE}.Debug|x64.Build.0 = Debug|Any CPU
		{4212D1B3-5F98-474A-9647-942C737C42BE}.Debug|x86.ActiveCfg = Debug|Any CPU
		{4212D1B3-5F98-474A-9647-942C737C42BE}.Debug|x86.Build.0 = Debug|Any CPU
		{4212D1B3-5F98-474A-9647-942C737C42BE}.Release|Any CPU.ActiveCfg = Release|Any CPU
		{4212D1B3-5F98-474A-9647-942C737C42BE}.Release|Any CPU.Build.0 = Release|Any CPU
		{4212D1B3-5F98-474A-9647-942C737C42BE}.Release|x64.ActiveCfg = Release|Any CPU
		{4212D1B3-5F98-474A-9647-942C737C42BE}.Release|x64.Build.0 = Release|Any CPU
		{4212D1B3-5F98-474A-9647-942C737C42BE}.Release|x86.ActiveCfg = Release|Any CPU
		{4212D1B3-5F98-474A-9647-942C737C42BE}.Release|x86.Build.0 = Release|Any CPU
		{C7EEA3C1-BE6E-4029-BC73-47F8BF53E638}.Debug|Any CPU.ActiveCfg = Debug|Any CPU
		{C7EEA3C1-BE6E-4029-BC73-47F8BF53E638}.Debug|Any CPU.Build.0 = Debug|Any CPU
		{C7EEA3C1-BE6E-4029-BC73-47F8BF53E638}.Debug|x64.ActiveCfg = Debug|Any CPU
		{C7EEA3C1-BE6E-4029-BC73-47F8BF53E638}.Debug|x64.Build.0 = Debug|Any CPU
		{C7EEA3C1-BE6E-4029-BC73-47F8BF53E638}.Debug|x86.ActiveCfg = Debug|Any CPU
		{C7EEA3C1-BE6E-4029-BC73-47F8BF53E638}.Debug|x86.Build.0 = Debug|Any CPU
		{C7EEA3C1-BE6E-4029-BC73-47F8BF53E638}.Release|Any CPU.ActiveCfg = Release|Any CPU
		{C7EEA3C1-BE6E-4029-BC73-47F8BF53E638}.Release|Any CPU.Build.0 = Release|Any CPU
		{C7EEA3C1-BE6E-4029-BC73-47F8BF53E638}.Release|x64.ActiveCfg = Release|Any CPU
		{C7EEA3C1-BE6E-4029-BC73-47F8BF53E638}.Release|x64.Build.0 = Release|Any CPU
		{C7EEA3C1-BE6E-4029-BC73-47F8BF53E638}.Release|x86.ActiveCfg = Release|Any CPU
		{C7EEA3C1-BE6E-4029-BC73-47F8BF53E638}.Release|x86.Build.0 = Release|Any CPU
	EndGlobalSection
	GlobalSection(NestedProjects) = preSolution
		{4212D1B3-5F98-474A-9647-942C737C42BE} = {80E0D690-E916-496C-9125-8DB1EF70BA2D}
		{C7EEA3C1-BE6E-4029-BC73-47F8BF53E638} = {80E0D690-E916-496C-9125-8DB1EF70BA2D}
	EndGlobalSection
EndGlobal
